{
  "name": "opencx-oapi-ts",
  "lockfileVersion": 3,
  "requires": true,
  "packages": {
    "": {
      "name": "opencx-oapi-ts",
      "license": "MIT",
      "dependencies": {
        "openapi-fetch": "^0.12.0"
      }
    },
    "node_modules/openapi-fetch": {
      "version": "0.12.0",
      "resolved": "https://registry.npmjs.org/openapi-fetch/-/openapi-fetch-0.12.0.tgz",
      "integrity": "sha512-D/g5BUGiOAKqivR5s02veJ2+cMHzrkFJKberKP4Z8Vl2VhE6MMirI6wWOgpp8wlsYCRRK7CX0NCGVL/mt6l1fA==",
      "dependencies": {
        "openapi-typescript-helpers": "^0.0.13"
      }
    },
    "node_modules/openapi-typescript-helpers": {
      "version": "0.0.13",
      "resolved": "https://registry.npmjs.org/openapi-typescript-helpers/-/openapi-typescript-helpers-0.0.13.tgz",
      "integrity": "sha512-z44WK2e7ygW3aUtAtiurfEACohf/Qt9g6BsejmIYgEoY4REHeRzgFJmO3ium0libsuzPc145I+8lE9aiiZrQvQ=="
    }
  }
}
